
Microsoft Visual Studio Solution File, Format Version 12.00
# Visual Studio Version 16
VisualStudioVersion = 16.0.30225.117
MinimumVisualStudioVersion = 10.0.40219.1
Project("{FAE04EC0-301F-11D3-BF4B-00C04F79EFBC}") = "Specs", "Specs\Specs.csproj", "{92AD17E8-7254-424A-B9EC-39A9090DDC9D}"
EndProject
Global
	GlobalSection(SolutionConfigurationPlatforms) = preSolution
		Debug|Any CPU = Debug|Any CPU
		Release|Any CPU = Release|Any CPU
	EndGlobalSection
	GlobalSection(ProjectConfigurationPlatforms) = postSolution
		{92AD17E8-7254-424A-B9EC-39A9090DDC9D}.Debug|Any CPU.ActiveCfg = Debug|Any CPU
		{92AD17E8-7254-424A-B9EC-39A9090DDC9D}.Debug|Any CPU.Build.0 = Debug|Any CPU
		{92AD17E8-7254-424A-B9EC-39A9090DDC9D}.Release|Any CPU.ActiveCfg = Release|Any CPU
		{92AD17E8-7254-424A-B9EC-39A9090DDC9D}.Release|Any CPU.Build.0 = Release|Any CPU
	EndGlobalSection
	GlobalSection(SolutionProperties) = preSolution
		HideSolutionNode = FALSE
	EndGlobalSection
	GlobalSection(ExtensibilityGlobals) = postSolution
		SolutionGuid = {14650F8D-0711-41C1-9B5C-3AEDAB55185A}
	EndGlobalSection
EndGlobal
